// !$*UTF8*$!
{
	archiveVersion = 1;
	classes = {
	};
	objectVersion = 50;
	objects = {

/* Begin PBXBuildFile section */
		7AE62AE92209EB6C00C72D5D /* AppDelegate.swift in Sources */ = {isa = PBXBuildFile; fileRef = 7AE62AE82209EB6C00C72D5D /* AppDelegate.swift */; };
		7AE62AEB2209EB6C00C72D5D /* ViewController.swift in Sources */ = {isa = PBXBuildFile; fileRef = 7AE62AEA2209EB6C00C72D5D /* ViewController.swift */; };
		7AE62AEE2209EB6C00C72D5D /* Main.storyboard in Resources */ = {isa = PBXBuildFile; fileRef = 7AE62AEC2209EB6C00C72D5D /* Main.storyboard */; };
		7AE62AF02209EB6D00C72D5D /* Assets.xcassets in Resources */ = {isa = PBXBuildFile; fileRef = 7AE62AEF2209EB6D00C72D5D /* Assets.xcassets */; };
		7AE62AF32209EB6D00C72D5D /* LaunchScreen.storyboard in Resources */ = {isa = PBXBuildFile; fileRef = 7AE62AF12209EB6D00C72D5D /* LaunchScreen.storyboard */; };
		7AE62AFE2209EB6D00C72D5D /* thirstCounterTests.swift in Sources */ = {isa = PBXBuildFile; fileRef = 7AE62AFD2209EB6D00C72D5D /* thirstCounterTests.swift */; };
		7AE62B092209EB6D00C72D5D /* thirstCounterUITests.swift in Sources */ = {isa = PBXBuildFile; fileRef = 7AE62B082209EB6D00C72D5D /* thirstCounterUITests.swift */; };
/* End PBXBuildFile section */

/* Begin PBXContainerItemProxy section */
		7AE62AFA2209EB6D00C72D5D /* PBXContainerItemProxy */ = {
			isa = PBXContainerItemProxy;
			containerPortal = 7AE62ADD2209EB6C00C72D5D /* Project object */;
			proxyType = 1;
			remoteGlobalIDString = 7AE62AE42209EB6C00C72D5D;
			remoteInfo = thirstCounter;
		};
		7AE62B052209EB6D00C72D5D /* PBXContainerItemProxy */ = {
			isa = PBXContainerItemProxy;
			containerPortal = 7AE62ADD2209EB6C00C72D5D /* Project object */;
			proxyType = 1;
			remoteGlobalIDString = 7AE62AE42209EB6C00C72D5D;
			remoteInfo = thirstCounter;
		};
/* End PBXContainerItemProxy section */

/* Begin PBXFileReference section */
		7AE62AE52209EB6C00C72D5D /* thirstCounter.app */ = {isa = PBXFileReference; explicitFileType = wrapper.application; includeInIndex = 0; path = thirstCounter.app; sourceTree = BUILT_PRODUCTS_DIR; };
		7AE62AE82209EB6C00C72D5D /* AppDelegate.swift */ = {isa = PBXFileReference; lastKnownFileType = sourcecode.swift; path = AppDelegate.swift; sourceTree = "<group>"; };
		7AE62AEA2209EB6C00C72D5D /* ViewController.swift */ = {isa = PBXFileReference; lastKnownFileType = sourcecode.swift; path = ViewController.swift; sourceTree = "<group>"; };
		7AE62AED2209EB6C00C72D5D /* Base */ = {isa = PBXFileReference; lastKnownFileType = file.storyboard; name = Base; path = Base.lproj/Main.storyboard; sourceTree = "<group>"; };
		7AE62AEF2209EB6D00C72D5D /* Assets.xcassets */ = {isa = PBXFileReference; lastKnownFileType = folder.assetcatalog; path = Assets.xcassets; sourceTree = "<group>"; };
		7AE62AF22209EB6D00C72D5D /* Base */ = {isa = PBXFileReference; lastKnownFileType = file.storyboard; name = Base; path = Base.lproj/LaunchScreen.storyboard; sourceTree = "<group>"; };
		7AE62AF42209EB6D00C72D5D /* Info.plist */ = {isa = PBXFileReference; lastKnownFileType = text.plist.xml; path = Info.plist; sourceTree = "<group>"; };
		7AE62AF92209EB6D00C72D5D /* thirstCounterTests.xctest */ = {isa = PBXFileReference; explicitFileType = wrapper.cfbundle; includeInIndex = 0; path = thirstCounterTests.xctest; sourceTree = BUILT_PRODUCTS_DIR; };
		7AE62AFD2209EB6D00C72D5D /* thirstCounterTests.swift */ = {isa = PBXFileReference; lastKnownFileType = sourcecode.swift; path = thirstCounterTests.swift; sourceTree = "<group>"; };
		7AE62AFF2209EB6D00C72D5D /* Info.plist */ = {isa = PBXFileReference; lastKnownFileType = text.plist.xml; path = Info.plist; sourceTree = "<group>"; };
		7AE62B042209EB6D00C72D5D /* thirstCounterUITests.xctest */ = {isa = PBXFileReference; explicitFileType = wrapper.cfbundle; includeInIndex = 0; path = thirstCounterUITests.xctest; sourceTree = BUILT_PRODUCTS_DIR; };
		7AE62B082209EB6D00C72D5D /* thirstCounterUITests.swift */ = {isa = PBXFileReference; lastKnownFileType = sourcecode.swift; path = thirstCounterUITests.swift; sourceTree = "<group>"; };
		7AE62B0A2209EB6D00C72D5D /* Info.plist */ = {isa = PBXFileReference; lastKnownFileType = text.plist.xml; path = Info.plist; sourceTree = "<group>"; };
/* End PBXFileReference section */

/* Begin PBXFrameworksBuildPhase section */
		7AE62AE22209EB6C00C72D5D /* Frameworks */ = {
			isa = PBXFrameworksBuildPhase;
			buildActionMask = 2147483647;
			files = (
			);
			runOnlyForDeploymentPostprocessing = 0;
		};
		7AE62AF62209EB6D00C72D5D /* Frameworks */ = {
			isa = PBXFrameworksBuildPhase;
			buildActionMask = 2147483647;
			files = (
			);
			runOnlyForDeploymentPostprocessing = 0;
		};
		7AE62B012209EB6D00C72D5D /* Frameworks */ = {
			isa = PBXFrameworksBuildPhase;
			buildActionMask = 2147483647;
			files = (
			);
			runOnlyForDeploymentPostprocessing = 0;
		};
/* End PBXFrameworksBuildPhase section */

/* Begin PBXGroup section */
		7AE62ADC2209EB6C00C72D5D = {
			isa = PBXGroup;
			children = (
				7AE62AE72209EB6C00C72D5D /* thirstCounter */,
				7AE62AFC2209EB6D00C72D5D /* thirstCounterTests */,
				7AE62B072209EB6D00C72D5D /* thirstCounterUITests */,
				7AE62AE62209EB6C00C72D5D /* Products */,
			);
			sourceTree = "<group>";
		};
		7AE62AE62209EB6C00C72D5D /* Products */ = {
			isa = PBXGroup;
			children = (
				7AE62AE52209EB6C00C72D5D /* thirstCounter.app */,
				7AE62AF92209EB6D00C72D5D /* thirstCounterTests.xctest */,
				7AE62B042209EB6D00C72D5D /* thirstCounterUITests.xctest */,
			);
			name = Products;
			sourceTree = "<group>";
		};
		7AE62AE72209EB6C00C72D5D /* thirstCounter */ = {
			isa = PBXGroup;
			children = (
				7AE62AE82209EB6C00C72D5D /* AppDelegate.swift */,
				7AE62AEA2209EB6C00C72D5D /* ViewController.swift */,
				7AE62AEC2209EB6C00C72D5D /* Main.storyboard */,
				7AE62AEF2209EB6D00C72D5D /* Assets.xcassets */,
				7AE62AF12209EB6D00C72D5D /* LaunchScreen.storyboard */,
				7AE62AF42209EB6D00C72D5D /* Info.plist */,
			);
			path = thirstCounter;
			sourceTree = "<group>";
		};
		7AE62AFC2209EB6D00C72D5D /* thirstCounterTests */ = {
			isa = PBXGroup;
			children = (
				7AE62AFD2209EB6D00C72D5D /* thirstCounterTests.swift */,
				7AE62AFF2209EB6D00C72D5D /* Info.plist */,
			);
			path = thirstCounterTests;
			sourceTree = "<group>";
		};
		7AE62B072209EB6D00C72D5D /* thirstCounterUITests */ = {
			isa = PBXGroup;
			children = (
				7AE62B082209EB6D00C72D5D /* thirstCounterUITests.swift */,
				7AE62B0A2209EB6D00C72D5D /* Info.plist */,
			);
			path = thirstCounterUITests;
			sourceTree = "<group>";
		};
/* End PBXGroup section */

/* Begin PBXNativeTarget section */
		7AE62AE42209EB6C00C72D5D /* thirstCounter */ = {
			isa = PBXNativeTarget;
			buildConfigurationList = 7AE62B0D2209EB6D00C72D5D /* Build configuration list for PBXNativeTarget "thirstCounter" */;
			buildPhases = (
				7AE62AE12209EB6C00C72D5D /* Sources */,
				7AE62AE22209EB6C00C72D5D /* Frameworks */,
				7AE62AE32209EB6C00C72D5D /* Resources */,
			);
			buildRules = (
			);
			dependencies = (
			);
			name = thirstCounter;
			productName = thirstCounter;
			productReference = 7AE62AE52209EB6C00C72D5D /* thirstCounter.app */;
			productType = "com.apple.product-type.application";
		};
		7AE62AF82209EB6D00C72D5D /* thirstCounterTests */ = {
			isa = PBXNativeTarget;
			buildConfigurationList = 7AE62B102209EB6D00C72D5D /* Build configuration list for PBXNativeTarget "thirstCounterTests" */;
			buildPhases = (
				7AE62AF52209EB6D00C72D5D /* Sources */,
				7AE62AF62209EB6D00C72D5D /* Frameworks */,
				7AE62AF72209EB6D00C72D5D /* Resources */,
			);
			buildRules = (
			);
			dependencies = (
				7AE62AFB2209EB6D00C72D5D /* PBXTargetDependency */,
			);
			name = thirstCounterTests;
			productName = thirstCounterTests;
			productReference = 7AE62AF92209EB6D00C72D5D /* thirstCounterTests.xctest */;
			productType = "com.apple.product-type.bundle.unit-test";
		};
		7AE62B032209EB6D00C72D5D /* thirstCounterUITests */ = {
			isa = PBXNativeTarget;
			buildConfigurationList = 7AE62B132209EB6D00C72D5D /* Build configuration list for PBXNativeTarget "thirstCounterUITests" */;
			buildPhases = (
				7AE62B002209EB6D00C72D5D /* Sources */,
				7AE62B012209EB6D00C72D5D /* Frameworks */,
				7AE62B022209EB6D00C72D5D /* Resources */,
			);
			buildRules = (
			);
			dependencies = (
				7AE62B062209EB6D00C72D5D /* PBXTargetDependency */,
			);
			name = thirstCounterUITests;
			productName = thirstCounterUITests;
			productReference = 7AE62B042209EB6D00C72D5D /* thirstCounterUITests.xctest */;
			productType = "com.apple.product-type.bundle.ui-testing";
		};
/* End PBXNativeTarget section */

/* Begin PBXProject section */
		7AE62ADD2209EB6C00C72D5D /* Project object */ = {
			isa = PBXProject;
			attributes = {
				LastSwiftUpdateCheck = 1010;
				LastUpgradeCheck = 1010;
				ORGANIZATIONNAME = "Jordan Lee";
				TargetAttributes = {
					7AE62AE42209EB6C00C72D5D = {
						CreatedOnToolsVersion = 10.1;
					};
					7AE62AF82209EB6D00C72D5D = {
						CreatedOnToolsVersion = 10.1;
						TestTargetID = 7AE62AE42209EB6C00C72D5D;
					};
					7AE62B032209EB6D00C72D5D = {
						CreatedOnToolsVersion = 10.1;
						TestTargetID = 7AE62AE42209EB6C00C72D5D;
					};
				};
			};
			buildConfigurationList = 7AE62AE02209EB6C00C72D5D /* Build configuration list for PBXProject "thirstCounter" */;
			compatibilityVersion = "Xcode 9.3";
			developmentRegion = en;
			hasScannedForEncodings = 0;
			knownRegions = (
				en,
				Base,
			);
			mainGroup = 7AE62ADC2209EB6C00C72D5D;
			productRefGroup = 7AE62AE62209EB6C00C72D5D /* Products */;
			projectDirPath = "";
			projectRoot = "";
			targets = (
				7AE62AE42209EB6C00C72D5D /* thirstCounter */,
				7AE62AF82209EB6D00C72D5D /* thirstCounterTests */,
				7AE62B032209EB6D00C72D5D /* thirstCounterUITests */,
			);
		};
/* End PBXProject section */

/* Begin PBXResourcesBuildPhase section */
		7AE62AE32209EB6C00C72D5D /* Resources */ = {
			isa = PBXResourcesBuildPhase;
			buildActionMask = 2147483647;
			files = (
				7AE62AF32209EB6D00C72D5D /* LaunchScreen.storyboard in Resources */,
				7AE62AF02209EB6D00C72D5D /* Assets.xcassets in Resources */,
				7AE62AEE2209EB6C00C72D5D /* Main.storyboard in Resources */,
			);
			runOnlyForDeploymentPostprocessing = 0;
		};
		7AE62AF72209EB6D00C72D5D /* Resources */ = {
			isa = PBXResourcesBuildPhase;
			buildActionMask = 2147483647;
			files = (
			);
			runOnlyForDeploymentPostprocessing = 0;
		};
		7AE62B022209EB6D00C72D5D /* Resources */ = {
			isa = PBXResourcesBuildPhase;
			buildActionMask = 2147483647;
			files = (
			);
			runOnlyForDeploymentPostprocessing = 0;
		};
/* End PBXResourcesBuildPhase section */

/* Begin PBXSourcesBuildPhase section */
		7AE62AE12209EB6C00C72D5D /* Sources */ = {
			isa = PBXSourcesBuildPhase;
			buildActionMask = 2147483647;
			files = (
				7AE62AEB2209EB6C00C72D5D /* ViewController.swift in Sources */,
				7AE62AE92209EB6C00C72D5D /* AppDelegate.swift in Sources */,
			);
			runOnlyForDeploymentPostprocessing = 0;
		};
		7AE62AF52209EB6D00C72D5D /* Sources */ = {
			isa = PBXSourcesBuildPhase;
			buildActionMask = 2147483647;
			files = (
				7AE62AFE2209EB6D00C72D5D /* thirstCounterTests.swift in Sources */,
			);
			runOnlyForDeploymentPostprocessing = 0;
		};
		7AE62B002209EB6D00C72D5D /* Sources */ = {
			isa = PBXSourcesBuildPhase;
			buildActionMask = 2147483647;
			files = (
				7AE62B092209EB6D00C72D5D /* thirstCounterUITests.swift in Sources */,
			);
			runOnlyForDeploymentPostprocessing = 0;
		};
/* End PBXSourcesBuildPhase section */

/* Begin PBXTargetDependency section */
		7AE62AFB2209EB6D00C72D5D /* PBXTargetDependency */ = {
			isa = PBXTargetDependency;
			target = 7AE62AE42209EB6C00C72D5D /* thirstCounter */;
			targetProxy = 7AE62AFA2209EB6D00C72D5D /* PBXContainerItemProxy */;
		};
		7AE62B062209EB6D00C72D5D /* PBXTargetDependency */ = {
			isa = PBXTargetDependency;
			target = 7AE62AE42209EB6C00C72D5D /* thirstCounter */;
			targetProxy = 7AE62B052209EB6D00C72D5D /* PBXContainerItemProxy */;
		};
/* End PBXTargetDependency section */

/* Begin PBXVariantGroup section */
		7AE62AEC2209EB6C00C72D5D /* Main.storyboard */ = {
			isa = PBXVariantGroup;
			children = (
				7AE62AED2209EB6C00C72D5D /* Base */,
			);
			name = Main.storyboard;
			sourceTree = "<group>";
		};
		7AE62AF12209EB6D00C72D5D /* LaunchScreen.storyboard */ = {
			isa = PBXVariantGroup;
			children = (
				7AE62AF22209EB6D00C72D5D /* Base */,
			);
			name = LaunchScreen.storyboard;
			sourceTree = "<group>";
		};
/* End PBXVariantGroup section */

/* Begin XCBuildConfiguration section */
		7AE62B0B2209EB6D00C72D5D /* Debug */ = {
			isa = XCBuildConfiguration;
			buildSettings = {
				ALWAYS_SEARCH_USER_PATHS = NO;
				CLANG_ANALYZER_NONNULL = YES;
				CLANG_ANALYZER_NUMBER_OBJECT_CONVERSION = YES_AGGRESSIVE;
				CLANG_CXX_LANGUAGE_STANDARD = "gnu++14";
				CLANG_CXX_LIBRARY = "libc++";
				CLANG_ENABLE_MODULES = YES;
				CLANG_ENABLE_OBJC_ARC = YES;
				CLANG_ENABLE_OBJC_WEAK = YES;
				CLANG_WARN_BLOCK_CAPTURE_AUTORELEASING = YES;
				CLANG_WARN_BOOL_CONVERSION = YES;
				CLANG_WARN_COMMA = YES;
				CLANG_WARN_CONSTANT_CONVERSION = YES;
				CLANG_WARN_DEPRECATED_OBJC_IMPLEMENTATIONS = YES;
				CLANG_WARN_DIRECT_OBJC_ISA_USAGE = YES_ERROR;
				CLANG_WARN_DOCUMENTATION_COMMENTS = YES;
				CLANG_WARN_EMPTY_BODY = YES;
				CLANG_WARN_ENUM_CONVERSION = YES;
				CLANG_WARN_INFINITE_RECURSION = YES;
				CLANG_WARN_INT_CONVERSION = YES;
				CLANG_WARN_NON_LITERAL_NULL_CONVERSION = YES;
				CLANG_WARN_OBJC_IMPLICIT_RETAIN_SELF = YES;
				CLANG_WARN_OBJC_LITERAL_CONVERSION = YES;
				CLANG_WARN_OBJC_ROOT_CLASS = YES_ERROR;
				CLANG_WARN_RANGE_LOOP_ANALYSIS = YES;
				CLANG_WARN_STRICT_PROTOTYPES = YES;
				CLANG_WARN_SUSPICIOUS_MOVE = YES;
				CLANG_WARN_UNGUARDED_AVAILABILITY = YES_AGGRESSIVE;
				CLANG_WARN_UNREACHABLE_CODE = YES;
				CLANG_WARN__DUPLICATE_METHOD_MATCH = YES;
				CODE_SIGN_IDENTITY = "iPhone Developer";
				COPY_PHASE_STRIP = NO;
				DEBUG_INFORMATION_FORMAT = dwarf;
				ENABLE_STRICT_OBJC_MSGSEND = YES;
				ENABLE_TESTABILITY = YES;
				GCC_C_LANGUAGE_STANDARD = gnu11;
				GCC_DYNAMIC_NO_PIC = NO;
				GCC_NO_COMMON_BLOCKS = YES;
				GCC_OPTIMIZATION_LEVEL = 0;
				GCC_PREPROCESSOR_DEFINITIONS = (
					"DEBUG=1",
					"$(inherited)",
				);
				GCC_WARN_64_TO_32_BIT_CONVERSION = YES;
				GCC_WARN_ABOUT_RETURN_TYPE = YES_ERROR;
				GCC_WARN_UNDECLARED_SELECTOR = YES;
				GCC_WARN_UNINITIALIZED_AUTOS = YES_AGGRESSIVE;
				GCC_WARN_UNUSED_FUNCTION = YES;
				GCC_WARN_UNUSED_VARIABLE = YES;
				IPHONEOS_DEPLOYMENT_TARGET = 12.1;
				MTL_ENABLE_DEBUG_INFO = INCLUDE_SOURCE;
				MTL_FAST_MATH = YES;
				ONLY_ACTIVE_ARCH = YES;
				SDKROOT = iphoneos;
				SWIFT_ACTIVE_COMPILATION_CONDITIONS = DEBUG;
				SWIFT_OPTIMIZATION_LEVEL = "-Onone";
			};
			name = Debug;
		};
		7AE62B0C2209EB6D00C72D5D /* Release */ = {
			isa = XCBuildConfiguration;
			buildSettings = {
				ALWAYS_SEARCH_USER_PATHS = NO;
				CLANG_ANALYZER_NONNULL = YES;
				CLANG_ANALYZER_NUMBER_OBJECT_CONVERSION = YES_AGGRESSIVE;
				CLANG_CXX_LANGUAGE_STANDARD = "gnu++14";
				CLANG_CXX_LIBRARY = "libc++";
				CLANG_ENABLE_MODULES = YES;
				CLANG_ENABLE_OBJC_ARC = YES;
				CLANG_ENABLE_OBJC_WEAK = YES;
				CLANG_WARN_BLOCK_CAPTURE_AUTORELEASING = YES;
				CLANG_WARN_BOOL_CONVERSION = YES;
				CLANG_WARN_COMMA = YES;
				CLANG_WARN_CONSTANT_CONVERSION = YES;
				CLANG_WARN_DEPRECATED_OBJC_IMPLEMENTATIONS = YES;
				CLANG_WARN_DIRECT_OBJC_ISA_USAGE = YES_ERROR;
				CLANG_WARN_DOCUMENTATION_COMMENTS = YES;
				CLANG_WARN_EMPTY_BODY = YES;
				CLANG_WARN_ENUM_CONVERSION = YES;
				CLANG_WARN_INFINITE_RECURSION = YES;
				CLANG_WARN_INT_CONVERSION = YES;
				CLANG_WARN_NON_LITERAL_NULL_CONVERSION = YES;
				CLANG_WARN_OBJC_IMPLICIT_RETAIN_SELF = YES;
				CLANG_WARN_OBJC_LITERAL_CONVERSION = YES;
				CLANG_WARN_OBJC_ROOT_CLASS = YES_ERROR;
				CLANG_WARN_RANGE_LOOP_ANALYSIS = YES;
				CLANG_WARN_STRICT_PROTOTYPES = YES;
				CLANG_WARN_SUSPICIOUS_MOVE = YES;
				CLANG_WARN_UNGUARDED_AVAILABILITY = YES_AGGRESSIVE;
				CLANG_WARN_UNREACHABLE_CODE = YES;
				CLANG_WARN__DUPLICATE_METHOD_MATCH = YES;
				CODE_SIGN_IDENTITY = "iPhone Developer";
				COPY_PHASE_STRIP = NO;
				DEBUG_INFORMATION_FORMAT = "dwarf-with-dsym";
				ENABLE_NS_ASSERTIONS = NO;
				ENABLE_STRICT_OBJC_MSGSEND = YES;
				GCC_C_LANGUAGE_STANDARD = gnu11;
				GCC_NO_COMMON_BLOCKS = YES;
				GCC_WARN_64_TO_32_BIT_CONVERSION = YES;
				GCC_WARN_ABOUT_RETURN_TYPE = YES_ERROR;
				GCC_WARN_UNDECLARED_SELECTOR = YES;
				GCC_WARN_UNINITIALIZED_AUTOS = YES_AGGRESSIVE;
				GCC_WARN_UNUSED_FUNCTION = YES;
				GCC_WARN_UNUSED_VARIABLE = YES;
				IPHONEOS_DEPLOYMENT_TARGET = 12.1;
				MTL_ENABLE_DEBUG_INFO = NO;
				MTL_FAST_MATH = YES;
				SDKROOT = iphoneos;
				SWIFT_COMPILATION_MODE = wholemodule;
				SWIFT_OPTIMIZATION_LEVEL = "-O";
				VALIDATE_PRODUCT = YES;
			};
			name = Release;
		};
		7AE62B0E2209EB6D00C72D5D /* Debug */ = {
			isa = XCBuildConfiguration;
			buildSettings = {
				ASSETCATALOG_COMPILER_APPICON_NAME = AppIcon;
				CODE_SIGN_STYLE = Automatic;
				INFOPLIST_FILE = thirstCounter/Info.plist;
				LD_RUNPATH_SEARCH_PATHS = (
					"$(inherited)",
					"@executable_path/Frameworks",
				);
				PRODUCT_BUNDLE_IDENTIFIER = playgroundChampions.thirstCounter;
				PRODUCT_NAME = "$(TARGET_NAME)";
				SWIFT_VERSION = 4.2;
				TARGETED_DEVICE_FAMILY = "1,2";
			};
			name = Debug;
		};
		7AE62B0F2209EB6D00C72D5D /* Release */ = {
			isa = XCBuildConfiguration;
			buildSettings = {
				ASSETCATALOG_COMPILER_APPICON_NAME = AppIcon;
				CODE_SIGN_STYLE = Automatic;
				INFOPLIST_FILE = thirstCounter/Info.plist;
				LD_RUNPATH_SEARCH_PATHS = (
					"$(inherited)",
					"@executable_path/Frameworks",
				);
				PRODUCT_BUNDLE_IDENTIFIER = playgroundChampions.thirstCounter;
				PRODUCT_NAME = "$(TARGET_NAME)";
				SWIFT_VERSION = 4.2;
				TARGETED_DEVICE_FAMILY = "1,2";
			};
			name = Release;
		};
		7AE62B112209EB6D00C72D5D /* Debug */ = {
			isa = XCBuildConfiguration;
			buildSettings = {
				ALWAYS_EMBED_SWIFT_STANDARD_LIBRARIES = YES;
				BUNDLE_LOADER = "$(TEST_HOST)";
				CODE_SIGN_STYLE = Automatic;
				INFOPLIST_FILE = thirstCounterTests/Info.plist;
				LD_RUNPATH_SEARCH_PATHS = (
					"$(inherited)",
					"@executable_path/Frameworks",
					"@loader_path/Frameworks",
				);
				PRODUCT_BUNDLE_IDENTIFIER = playgroundChampions.thirstCounterTests;
				PRODUCT_NAME = "$(TARGET_NAME)";
				SWIFT_VERSION = 4.2;
				TARGETED_DEVICE_FAMILY = "1,2";
				TEST_HOST = "$(BUILT_PRODUCTS_DIR)/thirstCounter.app/thirstCounter";
			};
			name = Debug;
		};
		7AE62B122209EB6D00C72D5D /* Release */ = {
			isa = XCBuildConfiguration;
			buildSettings = {
				ALWAYS_EMBED_SWIFT_STANDARD_LIBRARIES = YES;
				BUNDLE_LOADER = "$(TEST_HOST)";
				CODE_SIGN_STYLE = Automatic;
				INFOPLIST_FILE = thirstCounterTests/Info.plist;
				LD_RUNPATH_SEARCH_PATHS = (
					"$(inherited)",
					"@executable_path/Frameworks",
					"@loader_path/Frameworks",
				);
				PRODUCT_BUNDLE_IDENTIFIER = playgroundChampions.thirstCounterTests;
				PRODUCT_NAME = "$(TARGET_NAME)";
				SWIFT_VERSION = 4.2;
				TARGETED_DEVICE_FAMILY = "1,2";
				TEST_HOST = "$(BUILT_PRODUCTS_DIR)/thirstCounter.app/thirstCounter";
			};
			name = Release;
		};
		7AE62B142209EB6D00C72D5D /* Debug */ = {
			isa = XCBuildConfiguration;
			buildSettings = {
				ALWAYS_EMBED_SWIFT_STANDARD_LIBRARIES = YES;
				CODE_SIGN_STYLE = Automatic;
				INFOPLIST_FILE = thirstCounterUITests/Info.plist;
				LD_RUNPATH_SEARCH_PATHS = (
					"$(inherited)",
					"@executable_path/Frameworks",
					"@loader_path/Frameworks",
				);
				PRODUCT_BUNDLE_IDENTIFIER = playgroundChampions.thirstCounterUITests;
				PRODUCT_NAME = "$(TARGET_NAME)";
				SWIFT_VERSION = 4.2;
				TARGETED_DEVICE_FAMILY = "1,2";
				TEST_TARGET_NAME = thirstCounter;
			};
			name = Debug;
		};
		7AE62B152209EB6D00C72D5D /* Release */ = {
			isa = XCBuildConfiguration;
			buildSettings = {
				ALWAYS_EMBED_SWIFT_STANDARD_LIBRARIES = YES;
				CODE_SIGN_STYLE = Automatic;
				INFOPLIST_FILE = thirstCounterUITests/Info.plist;
				LD_RUNPATH_SEARCH_PATHS = (
					"$(inherited)",
					"@executable_path/Frameworks",
					"@loader_path/Frameworks",
				);
				PRODUCT_BUNDLE_IDENTIFIER = playgroundChampions.thirstCounterUITests;
				PRODUCT_NAME = "$(TARGET_NAME)";
				SWIFT_VERSION = 4.2;
				TARGETED_DEVICE_FAMILY = "1,2";
				TEST_TARGET_NAME = thirstCounter;
			};
			name = Release;
		};
/* End XCBuildConfiguration section */

/* Begin XCConfigurationList section */
		7AE62AE02209EB6C00C72D5D /* Build configuration list for PBXProject "thirstCounter" */ = {
			isa = XCConfigurationList;
			buildConfigurations = (
				7AE62B0B2209EB6D00C72D5D /* Debug */,
				7AE62B0C2209EB6D00C72D5D /* Release */,
			);
			defaultConfigurationIsVisible = 0;
			defaultConfigurationName = Release;
		};
		7AE62B0D2209EB6D00C72D5D /* Build configuration list for PBXNativeTarget "thirstCounter" */ = {
			isa = XCConfigurationList;
			buildConfigurations = (
				7AE62B0E2209EB6D00C72D5D /* Debug */,
				7AE62B0F2209EB6D00C72D5D /* Release */,
			);
			defaultConfigurationIsVisible = 0;
			defaultConfigurationName = Release;
		};
		7AE62B102209EB6D00C72D5D /* Build configuration list for PBXNativeTarget "thirstCounterTests" */ = {
			isa = XCConfigurationList;
			buildConfigurations = (
				7AE62B112209EB6D00C72D5D /* Debug */,
				7AE62B122209EB6D00C72D5D /* Release */,
			);
			defaultConfigurationIsVisible = 0;
			defaultConfigurationName = Release;
		};
		7AE62B132209EB6D00C72D5D /* Build configuration list for PBXNativeTarget "thirstCounterUITests" */ = {
			isa = XCConfigurationList;
			buildConfigurations = (
				7AE62B142209EB6D00C72D5D /* Debug */,
				7AE62B152209EB6D00C72D5D /* Release */,
			);
			defaultConfigurationIsVisible = 0;
			defaultConfigurationName = Release;
		};
/* End XCConfigurationList section */
	};
	rootObject = 7AE62ADD2209EB6C00C72D5D /* Project object */;
}
