// !$*UTF8*$!
{
	archiveVersion = 1;
	classes = {
	};
	objectVersion = 50;
	objects = {

/* Begin PBXBuildFile section */
		7ADEB79725F03833009439A1 /* iDineApp.swift in Sources */ = {isa = PBXBuildFile; fileRef = 7ADEB79625F03833009439A1 /* iDineApp.swift */; };
		7ADEB79925F03833009439A1 /* ContentView.swift in Sources */ = {isa = PBXBuildFile; fileRef = 7ADEB79825F03833009439A1 /* ContentView.swift */; };
		7ADEB79B25F03835009439A1 /* Assets.xcassets in Resources */ = {isa = PBXBuildFile; fileRef = 7ADEB79A25F03835009439A1 /* Assets.xcassets */; };
		7ADEB79E25F03835009439A1 /* Preview Assets.xcassets in Resources */ = {isa = PBXBuildFile; fileRef = 7ADEB79D25F03835009439A1 /* Preview Assets.xcassets */; };
		7ADEB7A925F03836009439A1 /* iDineTests.swift in Sources */ = {isa = PBXBuildFile; fileRef = 7ADEB7A825F03836009439A1 /* iDineTests.swift */; };
		7ADEB7B425F03836009439A1 /* iDineUITests.swift in Sources */ = {isa = PBXBuildFile; fileRef = 7ADEB7B325F03836009439A1 /* iDineUITests.swift */; };
/* End PBXBuildFile section */

/* Begin PBXContainerItemProxy section */
		7ADEB7A525F03836009439A1 /* PBXContainerItemProxy */ = {
			isa = PBXContainerItemProxy;
			containerPortal = 7ADEB78B25F03833009439A1 /* Project object */;
			proxyType = 1;
			remoteGlobalIDString = 7ADEB79225F03833009439A1;
			remoteInfo = iDine;
		};
		7ADEB7B025F03836009439A1 /* PBXContainerItemProxy */ = {
			isa = PBXContainerItemProxy;
			containerPortal = 7ADEB78B25F03833009439A1 /* Project object */;
			proxyType = 1;
			remoteGlobalIDString = 7ADEB79225F03833009439A1;
			remoteInfo = iDine;
		};
/* End PBXContainerItemProxy section */

/* Begin PBXFileReference section */
		7ADEB79325F03833009439A1 /* iDine.app */ = {isa = PBXFileReference; explicitFileType = wrapper.application; includeInIndex = 0; path = iDine.app; sourceTree = BUILT_PRODUCTS_DIR; };
		7ADEB79625F03833009439A1 /* iDineApp.swift */ = {isa = PBXFileReference; lastKnownFileType = sourcecode.swift; path = iDineApp.swift; sourceTree = "<group>"; };
		7ADEB79825F03833009439A1 /* ContentView.swift */ = {isa = PBXFileReference; lastKnownFileType = sourcecode.swift; path = ContentView.swift; sourceTree = "<group>"; };
		7ADEB79A25F03835009439A1 /* Assets.xcassets */ = {isa = PBXFileReference; lastKnownFileType = folder.assetcatalog; path = Assets.xcassets; sourceTree = "<group>"; };
		7ADEB79D25F03835009439A1 /* Preview Assets.xcassets */ = {isa = PBXFileReference; lastKnownFileType = folder.assetcatalog; path = "Preview Assets.xcassets"; sourceTree = "<group>"; };
		7ADEB79F25F03835009439A1 /* Info.plist */ = {isa = PBXFileReference; lastKnownFileType = text.plist.xml; path = Info.plist; sourceTree = "<group>"; };
		7ADEB7A425F03836009439A1 /* iDineTests.xctest */ = {isa = PBXFileReference; explicitFileType = wrapper.cfbundle; includeInIndex = 0; path = iDineTests.xctest; sourceTree = BUILT_PRODUCTS_DIR; };
		7ADEB7A825F03836009439A1 /* iDineTests.swift */ = {isa = PBXFileReference; lastKnownFileType = sourcecode.swift; path = iDineTests.swift; sourceTree = "<group>"; };
		7ADEB7AA25F03836009439A1 /* Info.plist */ = {isa = PBXFileReference; lastKnownFileType = text.plist.xml; path = Info.plist; sourceTree = "<group>"; };
		7ADEB7AF25F03836009439A1 /* iDineUITests.xctest */ = {isa = PBXFileReference; explicitFileType = wrapper.cfbundle; includeInIndex = 0; path = iDineUITests.xctest; sourceTree = BUILT_PRODUCTS_DIR; };
		7ADEB7B325F03836009439A1 /* iDineUITests.swift */ = {isa = PBXFileReference; lastKnownFileType = sourcecode.swift; path = iDineUITests.swift; sourceTree = "<group>"; };
		7ADEB7B525F03836009439A1 /* Info.plist */ = {isa = PBXFileReference; lastKnownFileType = text.plist.xml; path = Info.plist; sourceTree = "<group>"; };
/* End PBXFileReference section */

/* Begin PBXFrameworksBuildPhase section */
		7ADEB79025F03833009439A1 /* Frameworks */ = {
			isa = PBXFrameworksBuildPhase;
			buildActionMask = 2147483647;
			files = (
			);
			runOnlyForDeploymentPostprocessing = 0;
		};
		7ADEB7A125F03836009439A1 /* Frameworks */ = {
			isa = PBXFrameworksBuildPhase;
			buildActionMask = 2147483647;
			files = (
			);
			runOnlyForDeploymentPostprocessing = 0;
		};
		7ADEB7AC25F03836009439A1 /* Frameworks */ = {
			isa = PBXFrameworksBuildPhase;
			buildActionMask = 2147483647;
			files = (
			);
			runOnlyForDeploymentPostprocessing = 0;
		};
/* End PBXFrameworksBuildPhase section */

/* Begin PBXGroup section */
		7ADEB78A25F03833009439A1 = {
			isa = PBXGroup;
			children = (
				7ADEB79525F03833009439A1 /* iDine */,
				7ADEB7A725F03836009439A1 /* iDineTests */,
				7ADEB7B225F03836009439A1 /* iDineUITests */,
				7ADEB79425F03833009439A1 /* Products */,
			);
			sourceTree = "<group>";
		};
		7ADEB79425F03833009439A1 /* Products */ = {
			isa = PBXGroup;
			children = (
				7ADEB79325F03833009439A1 /* iDine.app */,
				7ADEB7A425F03836009439A1 /* iDineTests.xctest */,
				7ADEB7AF25F03836009439A1 /* iDineUITests.xctest */,
			);
			name = Products;
			sourceTree = "<group>";
		};
		7ADEB79525F03833009439A1 /* iDine */ = {
			isa = PBXGroup;
			children = (
				7ADEB79625F03833009439A1 /* iDineApp.swift */,
				7ADEB79825F03833009439A1 /* ContentView.swift */,
				7ADEB79A25F03835009439A1 /* Assets.xcassets */,
				7ADEB79F25F03835009439A1 /* Info.plist */,
				7ADEB79C25F03835009439A1 /* Preview Content */,
			);
			path = iDine;
			sourceTree = "<group>";
		};
		7ADEB79C25F03835009439A1 /* Preview Content */ = {
			isa = PBXGroup;
			children = (
				7ADEB79D25F03835009439A1 /* Preview Assets.xcassets */,
			);
			path = "Preview Content";
			sourceTree = "<group>";
		};
		7ADEB7A725F03836009439A1 /* iDineTests */ = {
			isa = PBXGroup;
			children = (
				7ADEB7A825F03836009439A1 /* iDineTests.swift */,
				7ADEB7AA25F03836009439A1 /* Info.plist */,
			);
			path = iDineTests;
			sourceTree = "<group>";
		};
		7ADEB7B225F03836009439A1 /* iDineUITests */ = {
			isa = PBXGroup;
			children = (
				7ADEB7B325F03836009439A1 /* iDineUITests.swift */,
				7ADEB7B525F03836009439A1 /* Info.plist */,
			);
			path = iDineUITests;
			sourceTree = "<group>";
		};
/* End PBXGroup section */

/* Begin PBXNativeTarget section */
		7ADEB79225F03833009439A1 /* iDine */ = {
			isa = PBXNativeTarget;
			buildConfigurationList = 7ADEB7B825F03836009439A1 /* Build configuration list for PBXNativeTarget "iDine" */;
			buildPhases = (
				7ADEB78F25F03833009439A1 /* Sources */,
				7ADEB79025F03833009439A1 /* Frameworks */,
				7ADEB79125F03833009439A1 /* Resources */,
			);
			buildRules = (
			);
			dependencies = (
			);
			name = iDine;
			productName = iDine;
			productReference = 7ADEB79325F03833009439A1 /* iDine.app */;
			productType = "com.apple.product-type.application";
		};
		7ADEB7A325F03836009439A1 /* iDineTests */ = {
			isa = PBXNativeTarget;
			buildConfigurationList = 7ADEB7BB25F03836009439A1 /* Build configuration list for PBXNativeTarget "iDineTests" */;
			buildPhases = (
				7ADEB7A025F03836009439A1 /* Sources */,
				7ADEB7A125F03836009439A1 /* Frameworks */,
				7ADEB7A225F03836009439A1 /* Resources */,
			);
			buildRules = (
			);
			dependencies = (
				7ADEB7A625F03836009439A1 /* PBXTargetDependency */,
			);
			name = iDineTests;
			productName = iDineTests;
			productReference = 7ADEB7A425F03836009439A1 /* iDineTests.xctest */;
			productType = "com.apple.product-type.bundle.unit-test";
		};
		7ADEB7AE25F03836009439A1 /* iDineUITests */ = {
			isa = PBXNativeTarget;
			buildConfigurationList = 7ADEB7BE25F03836009439A1 /* Build configuration list for PBXNativeTarget "iDineUITests" */;
			buildPhases = (
				7ADEB7AB25F03836009439A1 /* Sources */,
				7ADEB7AC25F03836009439A1 /* Frameworks */,
				7ADEB7AD25F03836009439A1 /* Resources */,
			);
			buildRules = (
			);
			dependencies = (
				7ADEB7B125F03836009439A1 /* PBXTargetDependency */,
			);
			name = iDineUITests;
			productName = iDineUITests;
			productReference = 7ADEB7AF25F03836009439A1 /* iDineUITests.xctest */;
			productType = "com.apple.product-type.bundle.ui-testing";
		};
/* End PBXNativeTarget section */

/* Begin PBXProject section */
		7ADEB78B25F03833009439A1 /* Project object */ = {
			isa = PBXProject;
			attributes = {
				LastSwiftUpdateCheck = 1250;
				LastUpgradeCheck = 1250;
				TargetAttributes = {
					7ADEB79225F03833009439A1 = {
						CreatedOnToolsVersion = 12.5;
					};
					7ADEB7A325F03836009439A1 = {
						CreatedOnToolsVersion = 12.5;
						TestTargetID = 7ADEB79225F03833009439A1;
					};
					7ADEB7AE25F03836009439A1 = {
						CreatedOnToolsVersion = 12.5;
						TestTargetID = 7ADEB79225F03833009439A1;
					};
				};
			};
			buildConfigurationList = 7ADEB78E25F03833009439A1 /* Build configuration list for PBXProject "iDine" */;
			compatibilityVersion = "Xcode 9.3";
			developmentRegion = en;
			hasScannedForEncodings = 0;
			knownRegions = (
				en,
				Base,
			);
			mainGroup = 7ADEB78A25F03833009439A1;
			productRefGroup = 7ADEB79425F03833009439A1 /* Products */;
			projectDirPath = "";
			projectRoot = "";
			targets = (
				7ADEB79225F03833009439A1 /* iDine */,
				7ADEB7A325F03836009439A1 /* iDineTests */,
				7ADEB7AE25F03836009439A1 /* iDineUITests */,
			);
		};
/* End PBXProject section */

/* Begin PBXResourcesBuildPhase section */
		7ADEB79125F03833009439A1 /* Resources */ = {
			isa = PBXResourcesBuildPhase;
			buildActionMask = 2147483647;
			files = (
				7ADEB79E25F03835009439A1 /* Preview Assets.xcassets in Resources */,
				7ADEB79B25F03835009439A1 /* Assets.xcassets in Resources */,
			);
			runOnlyForDeploymentPostprocessing = 0;
		};
		7ADEB7A225F03836009439A1 /* Resources */ = {
			isa = PBXResourcesBuildPhase;
			buildActionMask = 2147483647;
			files = (
			);
			runOnlyForDeploymentPostprocessing = 0;
		};
		7ADEB7AD25F03836009439A1 /* Resources */ = {
			isa = PBXResourcesBuildPhase;
			buildActionMask = 2147483647;
			files = (
			);
			runOnlyForDeploymentPostprocessing = 0;
		};
/* End PBXResourcesBuildPhase section */

/* Begin PBXSourcesBuildPhase section */
		7ADEB78F25F03833009439A1 /* Sources */ = {
			isa = PBXSourcesBuildPhase;
			buildActionMask = 2147483647;
			files = (
				7ADEB79925F03833009439A1 /* ContentView.swift in Sources */,
				7ADEB79725F03833009439A1 /* iDineApp.swift in Sources */,
			);
			runOnlyForDeploymentPostprocessing = 0;
		};
		7ADEB7A025F03836009439A1 /* Sources */ = {
			isa = PBXSourcesBuildPhase;
			buildActionMask = 2147483647;
			files = (
				7ADEB7A925F03836009439A1 /* iDineTests.swift in Sources */,
			);
			runOnlyForDeploymentPostprocessing = 0;
		};
		7ADEB7AB25F03836009439A1 /* Sources */ = {
			isa = PBXSourcesBuildPhase;
			buildActionMask = 2147483647;
			files = (
				7ADEB7B425F03836009439A1 /* iDineUITests.swift in Sources */,
			);
			runOnlyForDeploymentPostprocessing = 0;
		};
/* End PBXSourcesBuildPhase section */

/* Begin PBXTargetDependency section */
		7ADEB7A625F03836009439A1 /* PBXTargetDependency */ = {
			isa = PBXTargetDependency;
			target = 7ADEB79225F03833009439A1 /* iDine */;
			targetProxy = 7ADEB7A525F03836009439A1 /* PBXContainerItemProxy */;
		};
		7ADEB7B125F03836009439A1 /* PBXTargetDependency */ = {
			isa = PBXTargetDependency;
			target = 7ADEB79225F03833009439A1 /* iDine */;
			targetProxy = 7ADEB7B025F03836009439A1 /* PBXContainerItemProxy */;
		};
/* End PBXTargetDependency section */

/* Begin XCBuildConfiguration section */
		7ADEB7B625F03836009439A1 /* Debug */ = {
			isa = XCBuildConfiguration;
			buildSettings = {
				ALWAYS_SEARCH_USER_PATHS = NO;
				CLANG_ANALYZER_NONNULL = YES;
				CLANG_ANALYZER_NUMBER_OBJECT_CONVERSION = YES_AGGRESSIVE;
				CLANG_CXX_LANGUAGE_STANDARD = "gnu++14";
				CLANG_CXX_LIBRARY = "libc++";
				CLANG_ENABLE_MODULES = YES;
				CLANG_ENABLE_OBJC_ARC = YES;
				CLANG_ENABLE_OBJC_WEAK = YES;
				CLANG_WARN_BLOCK_CAPTURE_AUTORELEASING = YES;
				CLANG_WARN_BOOL_CONVERSION = YES;
				CLANG_WARN_COMMA = YES;
				CLANG_WARN_CONSTANT_CONVERSION = YES;
				CLANG_WARN_DEPRECATED_OBJC_IMPLEMENTATIONS = YES;
				CLANG_WARN_DIRECT_OBJC_ISA_USAGE = YES_ERROR;
				CLANG_WARN_DOCUMENTATION_COMMENTS = YES;
				CLANG_WARN_EMPTY_BODY = YES;
				CLANG_WARN_ENUM_CONVERSION = YES;
				CLANG_WARN_INFINITE_RECURSION = YES;
				CLANG_WARN_INT_CONVERSION = YES;
				CLANG_WARN_NON_LITERAL_NULL_CONVERSION = YES;
				CLANG_WARN_OBJC_IMPLICIT_RETAIN_SELF = YES;
				CLANG_WARN_OBJC_LITERAL_CONVERSION = YES;
				CLANG_WARN_OBJC_ROOT_CLASS = YES_ERROR;
				CLANG_WARN_QUOTED_INCLUDE_IN_FRAMEWORK_HEADER = YES;
				CLANG_WARN_RANGE_LOOP_ANALYSIS = YES;
				CLANG_WARN_STRICT_PROTOTYPES = YES;
				CLANG_WARN_SUSPICIOUS_MOVE = YES;
				CLANG_WARN_UNGUARDED_AVAILABILITY = YES_AGGRESSIVE;
				CLANG_WARN_UNREACHABLE_CODE = YES;
				CLANG_WARN__DUPLICATE_METHOD_MATCH = YES;
				COPY_PHASE_STRIP = NO;
				DEBUG_INFORMATION_FORMAT = dwarf;
				ENABLE_STRICT_OBJC_MSGSEND = YES;
				ENABLE_TESTABILITY = YES;
				GCC_C_LANGUAGE_STANDARD = gnu11;
				GCC_DYNAMIC_NO_PIC = NO;
				GCC_NO_COMMON_BLOCKS = YES;
				GCC_OPTIMIZATION_LEVEL = 0;
				GCC_PREPROCESSOR_DEFINITIONS = (
					"DEBUG=1",
					"$(inherited)",
				);
				GCC_WARN_64_TO_32_BIT_CONVERSION = YES;
				GCC_WARN_ABOUT_RETURN_TYPE = YES_ERROR;
				GCC_WARN_UNDECLARED_SELECTOR = YES;
				GCC_WARN_UNINITIALIZED_AUTOS = YES_AGGRESSIVE;
				GCC_WARN_UNUSED_FUNCTION = YES;
				GCC_WARN_UNUSED_VARIABLE = YES;
				IPHONEOS_DEPLOYMENT_TARGET = 14.5;
				MTL_ENABLE_DEBUG_INFO = INCLUDE_SOURCE;
				MTL_FAST_MATH = YES;
				ONLY_ACTIVE_ARCH = YES;
				SDKROOT = iphoneos;
				SWIFT_ACTIVE_COMPILATION_CONDITIONS = DEBUG;
				SWIFT_OPTIMIZATION_LEVEL = "-Onone";
			};
			name = Debug;
		};
		7ADEB7B725F03836009439A1 /* Release */ = {
			isa = XCBuildConfiguration;
			buildSettings = {
				ALWAYS_SEARCH_USER_PATHS = NO;
				CLANG_ANALYZER_NONNULL = YES;
				CLANG_ANALYZER_NUMBER_OBJECT_CONVERSION = YES_AGGRESSIVE;
				CLANG_CXX_LANGUAGE_STANDARD = "gnu++14";
				CLANG_CXX_LIBRARY = "libc++";
				CLANG_ENABLE_MODULES = YES;
				CLANG_ENABLE_OBJC_ARC = YES;
				CLANG_ENABLE_OBJC_WEAK = YES;
				CLANG_WARN_BLOCK_CAPTURE_AUTORELEASING = YES;
				CLANG_WARN_BOOL_CONVERSION = YES;
				CLANG_WARN_COMMA = YES;
				CLANG_WARN_CONSTANT_CONVERSION = YES;
				CLANG_WARN_DEPRECATED_OBJC_IMPLEMENTATIONS = YES;
				CLANG_WARN_DIRECT_OBJC_ISA_USAGE = YES_ERROR;
				CLANG_WARN_DOCUMENTATION_COMMENTS = YES;
				CLANG_WARN_EMPTY_BODY = YES;
				CLANG_WARN_ENUM_CONVERSION = YES;
				CLANG_WARN_INFINITE_RECURSION = YES;
				CLANG_WARN_INT_CONVERSION = YES;
				CLANG_WARN_NON_LITERAL_NULL_CONVERSION = YES;
				CLANG_WARN_OBJC_IMPLICIT_RETAIN_SELF = YES;
				CLANG_WARN_OBJC_LITERAL_CONVERSION = YES;
				CLANG_WARN_OBJC_ROOT_CLASS = YES_ERROR;
				CLANG_WARN_QUOTED_INCLUDE_IN_FRAMEWORK_HEADER = YES;
				CLANG_WARN_RANGE_LOOP_ANALYSIS = YES;
				CLANG_WARN_STRICT_PROTOTYPES = YES;
				CLANG_WARN_SUSPICIOUS_MOVE = YES;
				CLANG_WARN_UNGUARDED_AVAILABILITY = YES_AGGRESSIVE;
				CLANG_WARN_UNREACHABLE_CODE = YES;
				CLANG_WARN__DUPLICATE_METHOD_MATCH = YES;
				COPY_PHASE_STRIP = NO;
				DEBUG_INFORMATION_FORMAT = "dwarf-with-dsym";
				ENABLE_NS_ASSERTIONS = NO;
				ENABLE_STRICT_OBJC_MSGSEND = YES;
				GCC_C_LANGUAGE_STANDARD = gnu11;
				GCC_NO_COMMON_BLOCKS = YES;
				GCC_WARN_64_TO_32_BIT_CONVERSION = YES;
				GCC_WARN_ABOUT_RETURN_TYPE = YES_ERROR;
				GCC_WARN_UNDECLARED_SELECTOR = YES;
				GCC_WARN_UNINITIALIZED_AUTOS = YES_AGGRESSIVE;
				GCC_WARN_UNUSED_FUNCTION = YES;
				GCC_WARN_UNUSED_VARIABLE = YES;
				IPHONEOS_DEPLOYMENT_TARGET = 14.5;
				MTL_ENABLE_DEBUG_INFO = NO;
				MTL_FAST_MATH = YES;
				SDKROOT = iphoneos;
				SWIFT_COMPILATION_MODE = wholemodule;
				SWIFT_OPTIMIZATION_LEVEL = "-O";
				VALIDATE_PRODUCT = YES;
			};
			name = Release;
		};
		7ADEB7B925F03836009439A1 /* Debug */ = {
			isa = XCBuildConfiguration;
			buildSettings = {
				ASSETCATALOG_COMPILER_APPICON_NAME = AppIcon;
				ASSETCATALOG_COMPILER_GLOBAL_ACCENT_COLOR_NAME = AccentColor;
				CODE_SIGN_STYLE = Automatic;
				DEVELOPMENT_ASSET_PATHS = "\"iDine/Preview Content\"";
				DEVELOPMENT_TEAM = TF32WF8CHS;
				ENABLE_PREVIEWS = YES;
				INFOPLIST_FILE = iDine/Info.plist;
				IPHONEOS_DEPLOYMENT_TARGET = 14.0;
				LD_RUNPATH_SEARCH_PATHS = (
					"$(inherited)",
					"@executable_path/Frameworks",
				);
				PRODUCT_BUNDLE_IDENTIFIER = design.leestudios.iDine;
				PRODUCT_NAME = "$(TARGET_NAME)";
				SWIFT_VERSION = 5.0;
				TARGETED_DEVICE_FAMILY = "1,2";
			};
			name = Debug;
		};
		7ADEB7BA25F03836009439A1 /* Release */ = {
			isa = XCBuildConfiguration;
			buildSettings = {
				ASSETCATALOG_COMPILER_APPICON_NAME = AppIcon;
				ASSETCATALOG_COMPILER_GLOBAL_ACCENT_COLOR_NAME = AccentColor;
				CODE_SIGN_STYLE = Automatic;
				DEVELOPMENT_ASSET_PATHS = "\"iDine/Preview Content\"";
				DEVELOPMENT_TEAM = TF32WF8CHS;
				ENABLE_PREVIEWS = YES;
				INFOPLIST_FILE = iDine/Info.plist;
				IPHONEOS_DEPLOYMENT_TARGET = 14.0;
				LD_RUNPATH_SEARCH_PATHS = (
					"$(inherited)",
					"@executable_path/Frameworks",
				);
				PRODUCT_BUNDLE_IDENTIFIER = design.leestudios.iDine;
				PRODUCT_NAME = "$(TARGET_NAME)";
				SWIFT_VERSION = 5.0;
				TARGETED_DEVICE_FAMILY = "1,2";
			};
			name = Release;
		};
		7ADEB7BC25F03836009439A1 /* Debug */ = {
			isa = XCBuildConfiguration;
			buildSettings = {
				ALWAYS_EMBED_SWIFT_STANDARD_LIBRARIES = YES;
				BUNDLE_LOADER = "$(TEST_HOST)";
				CODE_SIGN_STYLE = Automatic;
				DEVELOPMENT_TEAM = TF32WF8CHS;
				INFOPLIST_FILE = iDineTests/Info.plist;
				IPHONEOS_DEPLOYMENT_TARGET = 14.0;
				LD_RUNPATH_SEARCH_PATHS = (
					"$(inherited)",
					"@executable_path/Frameworks",
					"@loader_path/Frameworks",
				);
				PRODUCT_BUNDLE_IDENTIFIER = design.leestudios.iDineTests;
				PRODUCT_NAME = "$(TARGET_NAME)";
				SWIFT_VERSION = 5.0;
				TARGETED_DEVICE_FAMILY = "1,2";
				TEST_HOST = "$(BUILT_PRODUCTS_DIR)/iDine.app/iDine";
			};
			name = Debug;
		};
		7ADEB7BD25F03836009439A1 /* Release */ = {
			isa = XCBuildConfiguration;
			buildSettings = {
				ALWAYS_EMBED_SWIFT_STANDARD_LIBRARIES = YES;
				BUNDLE_LOADER = "$(TEST_HOST)";
				CODE_SIGN_STYLE = Automatic;
				DEVELOPMENT_TEAM = TF32WF8CHS;
				INFOPLIST_FILE = iDineTests/Info.plist;
				IPHONEOS_DEPLOYMENT_TARGET = 14.0;
				LD_RUNPATH_SEARCH_PATHS = (
					"$(inherited)",
					"@executable_path/Frameworks",
					"@loader_path/Frameworks",
				);
				PRODUCT_BUNDLE_IDENTIFIER = design.leestudios.iDineTests;
				PRODUCT_NAME = "$(TARGET_NAME)";
				SWIFT_VERSION = 5.0;
				TARGETED_DEVICE_FAMILY = "1,2";
				TEST_HOST = "$(BUILT_PRODUCTS_DIR)/iDine.app/iDine";
			};
			name = Release;
		};
		7ADEB7BF25F03836009439A1 /* Debug */ = {
			isa = XCBuildConfiguration;
			buildSettings = {
				ALWAYS_EMBED_SWIFT_STANDARD_LIBRARIES = YES;
				CODE_SIGN_STYLE = Automatic;
				DEVELOPMENT_TEAM = TF32WF8CHS;
				INFOPLIST_FILE = iDineUITests/Info.plist;
				LD_RUNPATH_SEARCH_PATHS = (
					"$(inherited)",
					"@executable_path/Frameworks",
					"@loader_path/Frameworks",
				);
				PRODUCT_BUNDLE_IDENTIFIER = design.leestudios.iDineUITests;
				PRODUCT_NAME = "$(TARGET_NAME)";
				SWIFT_VERSION = 5.0;
				TARGETED_DEVICE_FAMILY = "1,2";
				TEST_TARGET_NAME = iDine;
			};
			name = Debug;
		};
		7ADEB7C025F03836009439A1 /* Release */ = {
			isa = XCBuildConfiguration;
			buildSettings = {
				ALWAYS_EMBED_SWIFT_STANDARD_LIBRARIES = YES;
				CODE_SIGN_STYLE = Automatic;
				DEVELOPMENT_TEAM = TF32WF8CHS;
				INFOPLIST_FILE = iDineUITests/Info.plist;
				LD_RUNPATH_SEARCH_PATHS = (
					"$(inherited)",
					"@executable_path/Frameworks",
					"@loader_path/Frameworks",
				);
				PRODUCT_BUNDLE_IDENTIFIER = design.leestudios.iDineUITests;
				PRODUCT_NAME = "$(TARGET_NAME)";
				SWIFT_VERSION = 5.0;
				TARGETED_DEVICE_FAMILY = "1,2";
				TEST_TARGET_NAME = iDine;
			};
			name = Release;
		};
/* End XCBuildConfiguration section */

/* Begin XCConfigurationList section */
		7ADEB78E25F03833009439A1 /* Build configuration list for PBXProject "iDine" */ = {
			isa = XCConfigurationList;
			buildConfigurations = (
				7ADEB7B625F03836009439A1 /* Debug */,
				7ADEB7B725F03836009439A1 /* Release */,
			);
			defaultConfigurationIsVisible = 0;
			defaultConfigurationName = Release;
		};
		7ADEB7B825F03836009439A1 /* Build configuration list for PBXNativeTarget "iDine" */ = {
			isa = XCConfigurationList;
			buildConfigurations = (
				7ADEB7B925F03836009439A1 /* Debug */,
				7ADEB7BA25F03836009439A1 /* Release */,
			);
			defaultConfigurationIsVisible = 0;
			defaultConfigurationName = Release;
		};
		7ADEB7BB25F03836009439A1 /* Build configuration list for PBXNativeTarget "iDineTests" */ = {
			isa = XCConfigurationList;
			buildConfigurations = (
				7ADEB7BC25F03836009439A1 /* Debug */,
				7ADEB7BD25F03836009439A1 /* Release */,
			);
			defaultConfigurationIsVisible = 0;
			defaultConfigurationName = Release;
		};
		7ADEB7BE25F03836009439A1 /* Build configuration list for PBXNativeTarget "iDineUITests" */ = {
			isa = XCConfigurationList;
			buildConfigurations = (
				7ADEB7BF25F03836009439A1 /* Debug */,
				7ADEB7C025F03836009439A1 /* Release */,
			);
			defaultConfigurationIsVisible = 0;
			defaultConfigurationName = Release;
		};
/* End XCConfigurationList section */
	};
	rootObject = 7ADEB78B25F03833009439A1 /* Project object */;
}
