// !$*UTF8*$!
{
	archiveVersion = 1;
	classes = {
	};
	objectVersion = 50;
	objects = {

/* Begin PBXBuildFile section */
		7A9DD72D24F72048002A3288 /* AppDelegate.swift in Sources */ = {isa = PBXBuildFile; fileRef = 7A9DD72C24F72048002A3288 /* AppDelegate.swift */; };
		7A9DD72F24F72048002A3288 /* ContentView.swift in Sources */ = {isa = PBXBuildFile; fileRef = 7A9DD72E24F72048002A3288 /* ContentView.swift */; };
		7A9DD73124F7204B002A3288 /* Assets.xcassets in Resources */ = {isa = PBXBuildFile; fileRef = 7A9DD73024F7204B002A3288 /* Assets.xcassets */; };
		7A9DD73424F7204B002A3288 /* Preview Assets.xcassets in Resources */ = {isa = PBXBuildFile; fileRef = 7A9DD73324F7204B002A3288 /* Preview Assets.xcassets */; };
		7A9DD73724F7204B002A3288 /* Main.storyboard in Resources */ = {isa = PBXBuildFile; fileRef = 7A9DD73524F7204B002A3288 /* Main.storyboard */; };
		7A9DD74324F7204B002A3288 /* MacLandmarksTests.swift in Sources */ = {isa = PBXBuildFile; fileRef = 7A9DD74224F7204B002A3288 /* MacLandmarksTests.swift */; };
		7A9DD74E24F7204B002A3288 /* MacLandmarksUITests.swift in Sources */ = {isa = PBXBuildFile; fileRef = 7A9DD74D24F7204B002A3288 /* MacLandmarksUITests.swift */; };
/* End PBXBuildFile section */

/* Begin PBXContainerItemProxy section */
		7A9DD73F24F7204B002A3288 /* PBXContainerItemProxy */ = {
			isa = PBXContainerItemProxy;
			containerPortal = 7A9DD72124F72048002A3288 /* Project object */;
			proxyType = 1;
			remoteGlobalIDString = 7A9DD72824F72048002A3288;
			remoteInfo = MacLandmarks;
		};
		7A9DD74A24F7204B002A3288 /* PBXContainerItemProxy */ = {
			isa = PBXContainerItemProxy;
			containerPortal = 7A9DD72124F72048002A3288 /* Project object */;
			proxyType = 1;
			remoteGlobalIDString = 7A9DD72824F72048002A3288;
			remoteInfo = MacLandmarks;
		};
/* End PBXContainerItemProxy section */

/* Begin PBXFileReference section */
		7A9DD72924F72048002A3288 /* MacLandmarks.app */ = {isa = PBXFileReference; explicitFileType = wrapper.application; includeInIndex = 0; path = MacLandmarks.app; sourceTree = BUILT_PRODUCTS_DIR; };
		7A9DD72C24F72048002A3288 /* AppDelegate.swift */ = {isa = PBXFileReference; lastKnownFileType = sourcecode.swift; path = AppDelegate.swift; sourceTree = "<group>"; };
		7A9DD72E24F72048002A3288 /* ContentView.swift */ = {isa = PBXFileReference; lastKnownFileType = sourcecode.swift; path = ContentView.swift; sourceTree = "<group>"; };
		7A9DD73024F7204B002A3288 /* Assets.xcassets */ = {isa = PBXFileReference; lastKnownFileType = folder.assetcatalog; path = Assets.xcassets; sourceTree = "<group>"; };
		7A9DD73324F7204B002A3288 /* Preview Assets.xcassets */ = {isa = PBXFileReference; lastKnownFileType = folder.assetcatalog; path = "Preview Assets.xcassets"; sourceTree = "<group>"; };
		7A9DD73624F7204B002A3288 /* Base */ = {isa = PBXFileReference; lastKnownFileType = file.storyboard; name = Base; path = Base.lproj/Main.storyboard; sourceTree = "<group>"; };
		7A9DD73824F7204B002A3288 /* Info.plist */ = {isa = PBXFileReference; lastKnownFileType = text.plist.xml; path = Info.plist; sourceTree = "<group>"; };
		7A9DD73924F7204B002A3288 /* MacLandmarks.entitlements */ = {isa = PBXFileReference; lastKnownFileType = text.plist.entitlements; path = MacLandmarks.entitlements; sourceTree = "<group>"; };
		7A9DD73E24F7204B002A3288 /* MacLandmarksTests.xctest */ = {isa = PBXFileReference; explicitFileType = wrapper.cfbundle; includeInIndex = 0; path = MacLandmarksTests.xctest; sourceTree = BUILT_PRODUCTS_DIR; };
		7A9DD74224F7204B002A3288 /* MacLandmarksTests.swift */ = {isa = PBXFileReference; lastKnownFileType = sourcecode.swift; path = MacLandmarksTests.swift; sourceTree = "<group>"; };
		7A9DD74424F7204B002A3288 /* Info.plist */ = {isa = PBXFileReference; lastKnownFileType = text.plist.xml; path = Info.plist; sourceTree = "<group>"; };
		7A9DD74924F7204B002A3288 /* MacLandmarksUITests.xctest */ = {isa = PBXFileReference; explicitFileType = wrapper.cfbundle; includeInIndex = 0; path = MacLandmarksUITests.xctest; sourceTree = BUILT_PRODUCTS_DIR; };
		7A9DD74D24F7204B002A3288 /* MacLandmarksUITests.swift */ = {isa = PBXFileReference; lastKnownFileType = sourcecode.swift; path = MacLandmarksUITests.swift; sourceTree = "<group>"; };
		7A9DD74F24F7204B002A3288 /* Info.plist */ = {isa = PBXFileReference; lastKnownFileType = text.plist.xml; path = Info.plist; sourceTree = "<group>"; };
/* End PBXFileReference section */

/* Begin PBXFrameworksBuildPhase section */
		7A9DD72624F72048002A3288 /* Frameworks */ = {
			isa = PBXFrameworksBuildPhase;
			buildActionMask = 2147483647;
			files = (
			);
			runOnlyForDeploymentPostprocessing = 0;
		};
		7A9DD73B24F7204B002A3288 /* Frameworks */ = {
			isa = PBXFrameworksBuildPhase;
			buildActionMask = 2147483647;
			files = (
			);
			runOnlyForDeploymentPostprocessing = 0;
		};
		7A9DD74624F7204B002A3288 /* Frameworks */ = {
			isa = PBXFrameworksBuildPhase;
			buildActionMask = 2147483647;
			files = (
			);
			runOnlyForDeploymentPostprocessing = 0;
		};
/* End PBXFrameworksBuildPhase section */

/* Begin PBXGroup section */
		7A9DD72024F72048002A3288 = {
			isa = PBXGroup;
			children = (
				7A9DD72B24F72048002A3288 /* MacLandmarks */,
				7A9DD74124F7204B002A3288 /* MacLandmarksTests */,
				7A9DD74C24F7204B002A3288 /* MacLandmarksUITests */,
				7A9DD72A24F72048002A3288 /* Products */,
			);
			sourceTree = "<group>";
		};
		7A9DD72A24F72048002A3288 /* Products */ = {
			isa = PBXGroup;
			children = (
				7A9DD72924F72048002A3288 /* MacLandmarks.app */,
				7A9DD73E24F7204B002A3288 /* MacLandmarksTests.xctest */,
				7A9DD74924F7204B002A3288 /* MacLandmarksUITests.xctest */,
			);
			name = Products;
			sourceTree = "<group>";
		};
		7A9DD72B24F72048002A3288 /* MacLandmarks */ = {
			isa = PBXGroup;
			children = (
				7A9DD72C24F72048002A3288 /* AppDelegate.swift */,
				7A9DD72E24F72048002A3288 /* ContentView.swift */,
				7A9DD73024F7204B002A3288 /* Assets.xcassets */,
				7A9DD73524F7204B002A3288 /* Main.storyboard */,
				7A9DD73824F7204B002A3288 /* Info.plist */,
				7A9DD73924F7204B002A3288 /* MacLandmarks.entitlements */,
				7A9DD73224F7204B002A3288 /* Preview Content */,
			);
			path = MacLandmarks;
			sourceTree = "<group>";
		};
		7A9DD73224F7204B002A3288 /* Preview Content */ = {
			isa = PBXGroup;
			children = (
				7A9DD73324F7204B002A3288 /* Preview Assets.xcassets */,
			);
			path = "Preview Content";
			sourceTree = "<group>";
		};
		7A9DD74124F7204B002A3288 /* MacLandmarksTests */ = {
			isa = PBXGroup;
			children = (
				7A9DD74224F7204B002A3288 /* MacLandmarksTests.swift */,
				7A9DD74424F7204B002A3288 /* Info.plist */,
			);
			path = MacLandmarksTests;
			sourceTree = "<group>";
		};
		7A9DD74C24F7204B002A3288 /* MacLandmarksUITests */ = {
			isa = PBXGroup;
			children = (
				7A9DD74D24F7204B002A3288 /* MacLandmarksUITests.swift */,
				7A9DD74F24F7204B002A3288 /* Info.plist */,
			);
			path = MacLandmarksUITests;
			sourceTree = "<group>";
		};
/* End PBXGroup section */

/* Begin PBXNativeTarget section */
		7A9DD72824F72048002A3288 /* MacLandmarks */ = {
			isa = PBXNativeTarget;
			buildConfigurationList = 7A9DD75224F7204B002A3288 /* Build configuration list for PBXNativeTarget "MacLandmarks" */;
			buildPhases = (
				7A9DD72524F72048002A3288 /* Sources */,
				7A9DD72624F72048002A3288 /* Frameworks */,
				7A9DD72724F72048002A3288 /* Resources */,
			);
			buildRules = (
			);
			dependencies = (
			);
			name = MacLandmarks;
			productName = MacLandmarks;
			productReference = 7A9DD72924F72048002A3288 /* MacLandmarks.app */;
			productType = "com.apple.product-type.application";
		};
		7A9DD73D24F7204B002A3288 /* MacLandmarksTests */ = {
			isa = PBXNativeTarget;
			buildConfigurationList = 7A9DD75524F7204B002A3288 /* Build configuration list for PBXNativeTarget "MacLandmarksTests" */;
			buildPhases = (
				7A9DD73A24F7204B002A3288 /* Sources */,
				7A9DD73B24F7204B002A3288 /* Frameworks */,
				7A9DD73C24F7204B002A3288 /* Resources */,
			);
			buildRules = (
			);
			dependencies = (
				7A9DD74024F7204B002A3288 /* PBXTargetDependency */,
			);
			name = MacLandmarksTests;
			productName = MacLandmarksTests;
			productReference = 7A9DD73E24F7204B002A3288 /* MacLandmarksTests.xctest */;
			productType = "com.apple.product-type.bundle.unit-test";
		};
		7A9DD74824F7204B002A3288 /* MacLandmarksUITests */ = {
			isa = PBXNativeTarget;
			buildConfigurationList = 7A9DD75824F7204B002A3288 /* Build configuration list for PBXNativeTarget "MacLandmarksUITests" */;
			buildPhases = (
				7A9DD74524F7204B002A3288 /* Sources */,
				7A9DD74624F7204B002A3288 /* Frameworks */,
				7A9DD74724F7204B002A3288 /* Resources */,
			);
			buildRules = (
			);
			dependencies = (
				7A9DD74B24F7204B002A3288 /* PBXTargetDependency */,
			);
			name = MacLandmarksUITests;
			productName = MacLandmarksUITests;
			productReference = 7A9DD74924F7204B002A3288 /* MacLandmarksUITests.xctest */;
			productType = "com.apple.product-type.bundle.ui-testing";
		};
/* End PBXNativeTarget section */

/* Begin PBXProject section */
		7A9DD72124F72048002A3288 /* Project object */ = {
			isa = PBXProject;
			attributes = {
				LastSwiftUpdateCheck = 1160;
				LastUpgradeCheck = 1160;
				ORGANIZATIONNAME = "Jordan Lee";
				TargetAttributes = {
					7A9DD72824F72048002A3288 = {
						CreatedOnToolsVersion = 11.6;
					};
					7A9DD73D24F7204B002A3288 = {
						CreatedOnToolsVersion = 11.6;
						TestTargetID = 7A9DD72824F72048002A3288;
					};
					7A9DD74824F7204B002A3288 = {
						CreatedOnToolsVersion = 11.6;
						TestTargetID = 7A9DD72824F72048002A3288;
					};
				};
			};
			buildConfigurationList = 7A9DD72424F72048002A3288 /* Build configuration list for PBXProject "MacLandmarks" */;
			compatibilityVersion = "Xcode 9.3";
			developmentRegion = en;
			hasScannedForEncodings = 0;
			knownRegions = (
				en,
				Base,
			);
			mainGroup = 7A9DD72024F72048002A3288;
			productRefGroup = 7A9DD72A24F72048002A3288 /* Products */;
			projectDirPath = "";
			projectRoot = "";
			targets = (
				7A9DD72824F72048002A3288 /* MacLandmarks */,
				7A9DD73D24F7204B002A3288 /* MacLandmarksTests */,
				7A9DD74824F7204B002A3288 /* MacLandmarksUITests */,
			);
		};
/* End PBXProject section */

/* Begin PBXResourcesBuildPhase section */
		7A9DD72724F72048002A3288 /* Resources */ = {
			isa = PBXResourcesBuildPhase;
			buildActionMask = 2147483647;
			files = (
				7A9DD73724F7204B002A3288 /* Main.storyboard in Resources */,
				7A9DD73424F7204B002A3288 /* Preview Assets.xcassets in Resources */,
				7A9DD73124F7204B002A3288 /* Assets.xcassets in Resources */,
			);
			runOnlyForDeploymentPostprocessing = 0;
		};
		7A9DD73C24F7204B002A3288 /* Resources */ = {
			isa = PBXResourcesBuildPhase;
			buildActionMask = 2147483647;
			files = (
			);
			runOnlyForDeploymentPostprocessing = 0;
		};
		7A9DD74724F7204B002A3288 /* Resources */ = {
			isa = PBXResourcesBuildPhase;
			buildActionMask = 2147483647;
			files = (
			);
			runOnlyForDeploymentPostprocessing = 0;
		};
/* End PBXResourcesBuildPhase section */

/* Begin PBXSourcesBuildPhase section */
		7A9DD72524F72048002A3288 /* Sources */ = {
			isa = PBXSourcesBuildPhase;
			buildActionMask = 2147483647;
			files = (
				7A9DD72F24F72048002A3288 /* ContentView.swift in Sources */,
				7A9DD72D24F72048002A3288 /* AppDelegate.swift in Sources */,
			);
			runOnlyForDeploymentPostprocessing = 0;
		};
		7A9DD73A24F7204B002A3288 /* Sources */ = {
			isa = PBXSourcesBuildPhase;
			buildActionMask = 2147483647;
			files = (
				7A9DD74324F7204B002A3288 /* MacLandmarksTests.swift in Sources */,
			);
			runOnlyForDeploymentPostprocessing = 0;
		};
		7A9DD74524F7204B002A3288 /* Sources */ = {
			isa = PBXSourcesBuildPhase;
			buildActionMask = 2147483647;
			files = (
				7A9DD74E24F7204B002A3288 /* MacLandmarksUITests.swift in Sources */,
			);
			runOnlyForDeploymentPostprocessing = 0;
		};
/* End PBXSourcesBuildPhase section */

/* Begin PBXTargetDependency section */
		7A9DD74024F7204B002A3288 /* PBXTargetDependency */ = {
			isa = PBXTargetDependency;
			target = 7A9DD72824F72048002A3288 /* MacLandmarks */;
			targetProxy = 7A9DD73F24F7204B002A3288 /* PBXContainerItemProxy */;
		};
		7A9DD74B24F7204B002A3288 /* PBXTargetDependency */ = {
			isa = PBXTargetDependency;
			target = 7A9DD72824F72048002A3288 /* MacLandmarks */;
			targetProxy = 7A9DD74A24F7204B002A3288 /* PBXContainerItemProxy */;
		};
/* End PBXTargetDependency section */

/* Begin PBXVariantGroup section */
		7A9DD73524F7204B002A3288 /* Main.storyboard */ = {
			isa = PBXVariantGroup;
			children = (
				7A9DD73624F7204B002A3288 /* Base */,
			);
			name = Main.storyboard;
			sourceTree = "<group>";
		};
/* End PBXVariantGroup section */

/* Begin XCBuildConfiguration section */
		7A9DD75024F7204B002A3288 /* Debug */ = {
			isa = XCBuildConfiguration;
			buildSettings = {
				ALWAYS_SEARCH_USER_PATHS = NO;
				CLANG_ANALYZER_NONNULL = YES;
				CLANG_ANALYZER_NUMBER_OBJECT_CONVERSION = YES_AGGRESSIVE;
				CLANG_CXX_LANGUAGE_STANDARD = "gnu++14";
				CLANG_CXX_LIBRARY = "libc++";
				CLANG_ENABLE_MODULES = YES;
				CLANG_ENABLE_OBJC_ARC = YES;
				CLANG_ENABLE_OBJC_WEAK = YES;
				CLANG_WARN_BLOCK_CAPTURE_AUTORELEASING = YES;
				CLANG_WARN_BOOL_CONVERSION = YES;
				CLANG_WARN_COMMA = YES;
				CLANG_WARN_CONSTANT_CONVERSION = YES;
				CLANG_WARN_DEPRECATED_OBJC_IMPLEMENTATIONS = YES;
				CLANG_WARN_DIRECT_OBJC_ISA_USAGE = YES_ERROR;
				CLANG_WARN_DOCUMENTATION_COMMENTS = YES;
				CLANG_WARN_EMPTY_BODY = YES;
				CLANG_WARN_ENUM_CONVERSION = YES;
				CLANG_WARN_INFINITE_RECURSION = YES;
				CLANG_WARN_INT_CONVERSION = YES;
				CLANG_WARN_NON_LITERAL_NULL_CONVERSION = YES;
				CLANG_WARN_OBJC_IMPLICIT_RETAIN_SELF = YES;
				CLANG_WARN_OBJC_LITERAL_CONVERSION = YES;
				CLANG_WARN_OBJC_ROOT_CLASS = YES_ERROR;
				CLANG_WARN_RANGE_LOOP_ANALYSIS = YES;
				CLANG_WARN_STRICT_PROTOTYPES = YES;
				CLANG_WARN_SUSPICIOUS_MOVE = YES;
				CLANG_WARN_UNGUARDED_AVAILABILITY = YES_AGGRESSIVE;
				CLANG_WARN_UNREACHABLE_CODE = YES;
				CLANG_WARN__DUPLICATE_METHOD_MATCH = YES;
				COPY_PHASE_STRIP = NO;
				DEBUG_INFORMATION_FORMAT = dwarf;
				ENABLE_STRICT_OBJC_MSGSEND = YES;
				ENABLE_TESTABILITY = YES;
				GCC_C_LANGUAGE_STANDARD = gnu11;
				GCC_DYNAMIC_NO_PIC = NO;
				GCC_NO_COMMON_BLOCKS = YES;
				GCC_OPTIMIZATION_LEVEL = 0;
				GCC_PREPROCESSOR_DEFINITIONS = (
					"DEBUG=1",
					"$(inherited)",
				);
				GCC_WARN_64_TO_32_BIT_CONVERSION = YES;
				GCC_WARN_ABOUT_RETURN_TYPE = YES_ERROR;
				GCC_WARN_UNDECLARED_SELECTOR = YES;
				GCC_WARN_UNINITIALIZED_AUTOS = YES_AGGRESSIVE;
				GCC_WARN_UNUSED_FUNCTION = YES;
				GCC_WARN_UNUSED_VARIABLE = YES;
				MACOSX_DEPLOYMENT_TARGET = 10.15;
				MTL_ENABLE_DEBUG_INFO = INCLUDE_SOURCE;
				MTL_FAST_MATH = YES;
				ONLY_ACTIVE_ARCH = YES;
				SDKROOT = macosx;
				SWIFT_ACTIVE_COMPILATION_CONDITIONS = DEBUG;
				SWIFT_OPTIMIZATION_LEVEL = "-Onone";
			};
			name = Debug;
		};
		7A9DD75124F7204B002A3288 /* Release */ = {
			isa = XCBuildConfiguration;
			buildSettings = {
				ALWAYS_SEARCH_USER_PATHS = NO;
				CLANG_ANALYZER_NONNULL = YES;
				CLANG_ANALYZER_NUMBER_OBJECT_CONVERSION = YES_AGGRESSIVE;
				CLANG_CXX_LANGUAGE_STANDARD = "gnu++14";
				CLANG_CXX_LIBRARY = "libc++";
				CLANG_ENABLE_MODULES = YES;
				CLANG_ENABLE_OBJC_ARC = YES;
				CLANG_ENABLE_OBJC_WEAK = YES;
				CLANG_WARN_BLOCK_CAPTURE_AUTORELEASING = YES;
				CLANG_WARN_BOOL_CONVERSION = YES;
				CLANG_WARN_COMMA = YES;
				CLANG_WARN_CONSTANT_CONVERSION = YES;
				CLANG_WARN_DEPRECATED_OBJC_IMPLEMENTATIONS = YES;
				CLANG_WARN_DIRECT_OBJC_ISA_USAGE = YES_ERROR;
				CLANG_WARN_DOCUMENTATION_COMMENTS = YES;
				CLANG_WARN_EMPTY_BODY = YES;
				CLANG_WARN_ENUM_CONVERSION = YES;
				CLANG_WARN_INFINITE_RECURSION = YES;
				CLANG_WARN_INT_CONVERSION = YES;
				CLANG_WARN_NON_LITERAL_NULL_CONVERSION = YES;
				CLANG_WARN_OBJC_IMPLICIT_RETAIN_SELF = YES;
				CLANG_WARN_OBJC_LITERAL_CONVERSION = YES;
				CLANG_WARN_OBJC_ROOT_CLASS = YES_ERROR;
				CLANG_WARN_RANGE_LOOP_ANALYSIS = YES;
				CLANG_WARN_STRICT_PROTOTYPES = YES;
				CLANG_WARN_SUSPICIOUS_MOVE = YES;
				CLANG_WARN_UNGUARDED_AVAILABILITY = YES_AGGRESSIVE;
				CLANG_WARN_UNREACHABLE_CODE = YES;
				CLANG_WARN__DUPLICATE_METHOD_MATCH = YES;
				COPY_PHASE_STRIP = NO;
				DEBUG_INFORMATION_FORMAT = "dwarf-with-dsym";
				ENABLE_NS_ASSERTIONS = NO;
				ENABLE_STRICT_OBJC_MSGSEND = YES;
				GCC_C_LANGUAGE_STANDARD = gnu11;
				GCC_NO_COMMON_BLOCKS = YES;
				GCC_WARN_64_TO_32_BIT_CONVERSION = YES;
				GCC_WARN_ABOUT_RETURN_TYPE = YES_ERROR;
				GCC_WARN_UNDECLARED_SELECTOR = YES;
				GCC_WARN_UNINITIALIZED_AUTOS = YES_AGGRESSIVE;
				GCC_WARN_UNUSED_FUNCTION = YES;
				GCC_WARN_UNUSED_VARIABLE = YES;
				MACOSX_DEPLOYMENT_TARGET = 10.15;
				MTL_ENABLE_DEBUG_INFO = NO;
				MTL_FAST_MATH = YES;
				SDKROOT = macosx;
				SWIFT_COMPILATION_MODE = wholemodule;
				SWIFT_OPTIMIZATION_LEVEL = "-O";
			};
			name = Release;
		};
		7A9DD75324F7204B002A3288 /* Debug */ = {
			isa = XCBuildConfiguration;
			buildSettings = {
				ASSETCATALOG_COMPILER_APPICON_NAME = AppIcon;
				CODE_SIGN_ENTITLEMENTS = MacLandmarks/MacLandmarks.entitlements;
				CODE_SIGN_STYLE = Automatic;
				COMBINE_HIDPI_IMAGES = YES;
				DEVELOPMENT_ASSET_PATHS = "\"MacLandmarks/Preview Content\"";
				ENABLE_PREVIEWS = YES;
				INFOPLIST_FILE = MacLandmarks/Info.plist;
				LD_RUNPATH_SEARCH_PATHS = (
					"$(inherited)",
					"@executable_path/../Frameworks",
				);
				MACOSX_DEPLOYMENT_TARGET = 10.15;
				PRODUCT_BUNDLE_IDENTIFIER = titanBack.MacLandmarks;
				PRODUCT_NAME = "$(TARGET_NAME)";
				SWIFT_VERSION = 5.0;
			};
			name = Debug;
		};
		7A9DD75424F7204B002A3288 /* Release */ = {
			isa = XCBuildConfiguration;
			buildSettings = {
				ASSETCATALOG_COMPILER_APPICON_NAME = AppIcon;
				CODE_SIGN_ENTITLEMENTS = MacLandmarks/MacLandmarks.entitlements;
				CODE_SIGN_STYLE = Automatic;
				COMBINE_HIDPI_IMAGES = YES;
				DEVELOPMENT_ASSET_PATHS = "\"MacLandmarks/Preview Content\"";
				ENABLE_PREVIEWS = YES;
				INFOPLIST_FILE = MacLandmarks/Info.plist;
				LD_RUNPATH_SEARCH_PATHS = (
					"$(inherited)",
					"@executable_path/../Frameworks",
				);
				MACOSX_DEPLOYMENT_TARGET = 10.15;
				PRODUCT_BUNDLE_IDENTIFIER = titanBack.MacLandmarks;
				PRODUCT_NAME = "$(TARGET_NAME)";
				SWIFT_VERSION = 5.0;
			};
			name = Release;
		};
		7A9DD75624F7204B002A3288 /* Debug */ = {
			isa = XCBuildConfiguration;
			buildSettings = {
				ALWAYS_EMBED_SWIFT_STANDARD_LIBRARIES = YES;
				BUNDLE_LOADER = "$(TEST_HOST)";
				CODE_SIGN_STYLE = Automatic;
				COMBINE_HIDPI_IMAGES = YES;
				INFOPLIST_FILE = MacLandmarksTests/Info.plist;
				LD_RUNPATH_SEARCH_PATHS = (
					"$(inherited)",
					"@executable_path/../Frameworks",
					"@loader_path/../Frameworks",
				);
				MACOSX_DEPLOYMENT_TARGET = 10.15;
				PRODUCT_BUNDLE_IDENTIFIER = titanBack.MacLandmarksTests;
				PRODUCT_NAME = "$(TARGET_NAME)";
				SWIFT_VERSION = 5.0;
				TEST_HOST = "$(BUILT_PRODUCTS_DIR)/MacLandmarks.app/Contents/MacOS/MacLandmarks";
			};
			name = Debug;
		};
		7A9DD75724F7204B002A3288 /* Release */ = {
			isa = XCBuildConfiguration;
			buildSettings = {
				ALWAYS_EMBED_SWIFT_STANDARD_LIBRARIES = YES;
				BUNDLE_LOADER = "$(TEST_HOST)";
				CODE_SIGN_STYLE = Automatic;
				COMBINE_HIDPI_IMAGES = YES;
				INFOPLIST_FILE = MacLandmarksTests/Info.plist;
				LD_RUNPATH_SEARCH_PATHS = (
					"$(inherited)",
					"@executable_path/../Frameworks",
					"@loader_path/../Frameworks",
				);
				MACOSX_DEPLOYMENT_TARGET = 10.15;
				PRODUCT_BUNDLE_IDENTIFIER = titanBack.MacLandmarksTests;
				PRODUCT_NAME = "$(TARGET_NAME)";
				SWIFT_VERSION = 5.0;
				TEST_HOST = "$(BUILT_PRODUCTS_DIR)/MacLandmarks.app/Contents/MacOS/MacLandmarks";
			};
			name = Release;
		};
		7A9DD75924F7204B002A3288 /* Debug */ = {
			isa = XCBuildConfiguration;
			buildSettings = {
				ALWAYS_EMBED_SWIFT_STANDARD_LIBRARIES = YES;
				CODE_SIGN_STYLE = Automatic;
				COMBINE_HIDPI_IMAGES = YES;
				INFOPLIST_FILE = MacLandmarksUITests/Info.plist;
				LD_RUNPATH_SEARCH_PATHS = (
					"$(inherited)",
					"@executable_path/../Frameworks",
					"@loader_path/../Frameworks",
				);
				PRODUCT_BUNDLE_IDENTIFIER = titanBack.MacLandmarksUITests;
				PRODUCT_NAME = "$(TARGET_NAME)";
				SWIFT_VERSION = 5.0;
				TEST_TARGET_NAME = MacLandmarks;
			};
			name = Debug;
		};
		7A9DD75A24F7204B002A3288 /* Release */ = {
			isa = XCBuildConfiguration;
			buildSettings = {
				ALWAYS_EMBED_SWIFT_STANDARD_LIBRARIES = YES;
				CODE_SIGN_STYLE = Automatic;
				COMBINE_HIDPI_IMAGES = YES;
				INFOPLIST_FILE = MacLandmarksUITests/Info.plist;
				LD_RUNPATH_SEARCH_PATHS = (
					"$(inherited)",
					"@executable_path/../Frameworks",
					"@loader_path/../Frameworks",
				);
				PRODUCT_BUNDLE_IDENTIFIER = titanBack.MacLandmarksUITests;
				PRODUCT_NAME = "$(TARGET_NAME)";
				SWIFT_VERSION = 5.0;
				TEST_TARGET_NAME = MacLandmarks;
			};
			name = Release;
		};
/* End XCBuildConfiguration section */

/* Begin XCConfigurationList section */
		7A9DD72424F72048002A3288 /* Build configuration list for PBXProject "MacLandmarks" */ = {
			isa = XCConfigurationList;
			buildConfigurations = (
				7A9DD75024F7204B002A3288 /* Debug */,
				7A9DD75124F7204B002A3288 /* Release */,
			);
			defaultConfigurationIsVisible = 0;
			defaultConfigurationName = Release;
		};
		7A9DD75224F7204B002A3288 /* Build configuration list for PBXNativeTarget "MacLandmarks" */ = {
			isa = XCConfigurationList;
			buildConfigurations = (
				7A9DD75324F7204B002A3288 /* Debug */,
				7A9DD75424F7204B002A3288 /* Release */,
			);
			defaultConfigurationIsVisible = 0;
			defaultConfigurationName = Release;
		};
		7A9DD75524F7204B002A3288 /* Build configuration list for PBXNativeTarget "MacLandmarksTests" */ = {
			isa = XCConfigurationList;
			buildConfigurations = (
				7A9DD75624F7204B002A3288 /* Debug */,
				7A9DD75724F7204B002A3288 /* Release */,
			);
			defaultConfigurationIsVisible = 0;
			defaultConfigurationName = Release;
		};
		7A9DD75824F7204B002A3288 /* Build configuration list for PBXNativeTarget "MacLandmarksUITests" */ = {
			isa = XCConfigurationList;
			buildConfigurations = (
				7A9DD75924F7204B002A3288 /* Debug */,
				7A9DD75A24F7204B002A3288 /* Release */,
			);
			defaultConfigurationIsVisible = 0;
			defaultConfigurationName = Release;
		};
/* End XCConfigurationList section */
	};
	rootObject = 7A9DD72124F72048002A3288 /* Project object */;
}
